
Microsoft Visual Studio Solution File, Format Version 12.00
# Visual Studio 15
Project("{FAE04EC0-301F-11D3-BF4B-00C04F79EFBC}") = "ObjectDataContainer", "ObjectDataContainer.csproj", "{4099198C-FD1D-F4E3-EDBA-82BB7C511A42}"
EndProject
Project("{FAE04EC0-301F-11D3-BF4B-00C04F79EFBC}") = "ToolCodeGenerator", "ToolCodeGenerater\ToolCodeGenerator.csproj", "{D894405C-94FE-4696-B13E-742A8D19556B}"
	ProjectSection(ProjectDependencies) = postProject
		{FCC121B1-B28D-4A78-8D34-4E3957A0B712} = {FCC121B1-B28D-4A78-8D34-4E3957A0B712}
	EndProjectSection
EndProject
Project("{FAE04EC0-301F-11D3-BF4B-00C04F79EFBC}") = "ToolAttribute", "ToolAttribute\ToolAttribute.csproj", "{FCC121B1-B28D-4A78-8D34-4E3957A0B712}"
EndProject
Global
	GlobalSection(SolutionConfigurationPlatforms) = preSolution
		Debug|Any CPU = Debug|Any CPU
		Release|Any CPU = Release|Any CPU
	EndGlobalSection
	GlobalSection(ProjectConfigurationPlatforms) = postSolution
		{4099198C-FD1D-F4E3-EDBA-82BB7C511A42}.Debug|Any CPU.ActiveCfg = Debug|Any CPU
		{4099198C-FD1D-F4E3-EDBA-82BB7C511A42}.Debug|Any CPU.Build.0 = Debug|Any CPU
		{4099198C-FD1D-F4E3-EDBA-82BB7C511A42}.Release|Any CPU.ActiveCfg = Release|Any CPU
		{4099198C-FD1D-F4E3-EDBA-82BB7C511A42}.Release|Any CPU.Build.0 = Release|Any CPU
		{D894405C-94FE-4696-B13E-742A8D19556B}.Debug|Any CPU.ActiveCfg = Debug|Any CPU
		{D894405C-94FE-4696-B13E-742A8D19556B}.Debug|Any CPU.Build.0 = Debug|Any CPU
		{D894405C-94FE-4696-B13E-742A8D19556B}.Release|Any CPU.ActiveCfg = Release|Any CPU
		{D894405C-94FE-4696-B13E-742A8D19556B}.Release|Any CPU.Build.0 = Release|Any CPU
		{FCC121B1-B28D-4A78-8D34-4E3957A0B712}.Debug|Any CPU.ActiveCfg = Debug|Any CPU
		{FCC121B1-B28D-4A78-8D34-4E3957A0B712}.Debug|Any CPU.Build.0 = Debug|Any CPU
		{FCC121B1-B28D-4A78-8D34-4E3957A0B712}.Release|Any CPU.ActiveCfg = Release|Any CPU
		{FCC121B1-B28D-4A78-8D34-4E3957A0B712}.Release|Any CPU.Build.0 = Release|Any CPU
	EndGlobalSection
	GlobalSection(SolutionProperties) = preSolution
		HideSolutionNode = FALSE
	EndGlobalSection
EndGlobal
