
Microsoft Visual Studio Solution File, Format Version 12.00
# Visual Studio Version 17
VisualStudioVersion = 17.13.35919.96
MinimumVisualStudioVersion = 10.0.40219.1
Project("{FAE04EC0-301F-11D3-BF4B-00C04F79EFBC}") = "ObjectDataContainer", "ObjectDataContainer.csproj", "{4099198C-FD1D-F4E3-EDBA-82BB7C511A42}"
EndProject
Project("{FAE04EC0-301F-11D3-BF4B-00C04F79EFBC}") = "ToolCodeGenerator", "ToolCodeGenerater\ToolCodeGenerator.csproj", "{D894405C-94FE-4696-B13E-742A8D19556B}"
EndProject
Project("{FAE04EC0-301F-11D3-BF4B-00C04F79EFBC}") = "GeneratorTest", "SourceGeneratorTest\GeneratorTest\GeneratorTest.csproj", "{B3DF782B-884B-4D95-B314-2ACBD6EDD9BE}"
EndProject
Global
	GlobalSection(SolutionConfigurationPlatforms) = preSolution
		Debug|Any CPU = Debug|Any CPU
		Release|Any CPU = Release|Any CPU
	EndGlobalSection
	GlobalSection(ProjectConfigurationPlatforms) = postSolution
		{4099198C-FD1D-F4E3-EDBA-82BB7C511A42}.Debug|Any CPU.ActiveCfg = Debug|Any CPU
		{4099198C-FD1D-F4E3-EDBA-82BB7C511A42}.Debug|Any CPU.Build.0 = Debug|Any CPU
		{4099198C-FD1D-F4E3-EDBA-82BB7C511A42}.Release|Any CPU.ActiveCfg = Release|Any CPU
		{4099198C-FD1D-F4E3-EDBA-82BB7C511A42}.Release|Any CPU.Build.0 = Release|Any CPU
		{D894405C-94FE-4696-B13E-742A8D19556B}.Debug|Any CPU.ActiveCfg = Debug|Any CPU
		{D894405C-94FE-4696-B13E-742A8D19556B}.Debug|Any CPU.Build.0 = Debug|Any CPU
		{D894405C-94FE-4696-B13E-742A8D19556B}.Release|Any CPU.ActiveCfg = Release|Any CPU
		{D894405C-94FE-4696-B13E-742A8D19556B}.Release|Any CPU.Build.0 = Release|Any CPU
		{B3DF782B-884B-4D95-B314-2ACBD6EDD9BE}.Debug|Any CPU.ActiveCfg = Debug|Any CPU
		{B3DF782B-884B-4D95-B314-2ACBD6EDD9BE}.Debug|Any CPU.Build.0 = Debug|Any CPU
		{B3DF782B-884B-4D95-B314-2ACBD6EDD9BE}.Release|Any CPU.ActiveCfg = Release|Any CPU
		{B3DF782B-884B-4D95-B314-2ACBD6EDD9BE}.Release|Any CPU.Build.0 = Release|Any CPU
	EndGlobalSection
	GlobalSection(SolutionProperties) = preSolution
		HideSolutionNode = FALSE
	EndGlobalSection
	GlobalSection(ExtensibilityGlobals) = postSolution
		SolutionGuid = {898D7DF3-B5B8-4DB5-BA70-CED6DA79E1F8}
	EndGlobalSection
EndGlobal
